
Microsoft Visual Studio Solution File, Format Version 12.00
Project("{FAE04EC0-301F-11D3-BF4B-00C04F79EFBC}") = "compiled-query", "compiled-query\compiled-query.csproj", "{59644B3B-DE49-464D-A4BF-9A0621E04ACD}"
EndProject
Global
	GlobalSection(SolutionConfigurationPlatforms) = preSolution
		Debug|Any CPU = Debug|Any CPU
		Release|Any CPU = Release|Any CPU
	EndGlobalSection
	GlobalSection(ProjectConfigurationPlatforms) = postSolution
		{59644B3B-DE49-464D-A4BF-9A0621E04ACD}.Debug|Any CPU.ActiveCfg = Debug|Any CPU
		{59644B3B-DE49-464D-A4BF-9A0621E04ACD}.Debug|Any CPU.Build.0 = Debug|Any CPU
		{59644B3B-DE49-464D-A4BF-9A0621E04ACD}.Release|Any CPU.ActiveCfg = Release|Any CPU
		{59644B3B-DE49-464D-A4BF-9A0621E04ACD}.Release|Any CPU.Build.0 = Release|Any CPU
	EndGlobalSection
EndGlobal
